
Microsoft Visual Studio Solution File, Format Version 12.00
# Visual Studio 15
VisualStudioVersion = 15.0.28307.421
MinimumVisualStudioVersion = 10.0.40219.1
Project("{FAE04EC0-301F-11D3-BF4B-00C04F79EFBC}") = "Blakjack", "Blakjack\Blakjack.csproj", "{4AF7517F-7A7B-401A-BCD7-C53097EE9057}"
EndProject
Global
	GlobalSection(SolutionConfigurationPlatforms) = preSolution
		Debug|Any CPU = Debug|Any CPU
		Release|Any CPU = Release|Any CPU
	EndGlobalSection
	GlobalSection(ProjectConfigurationPlatforms) = postSolution
		{4AF7517F-7A7B-401A-BCD7-C53097EE9057}.Debug|Any CPU.ActiveCfg = Debug|Any CPU
		{4AF7517F-7A7B-401A-BCD7-C53097EE9057}.Debug|Any CPU.Build.0 = Debug|Any CPU
		{4AF7517F-7A7B-401A-BCD7-C53097EE9057}.Release|Any CPU.ActiveCfg = Release|Any CPU
		{4AF7517F-7A7B-401A-BCD7-C53097EE9057}.Release|Any CPU.Build.0 = Release|Any CPU
	EndGlobalSection
	GlobalSection(SolutionProperties) = preSolution
		HideSolutionNode = FALSE
	EndGlobalSection
	GlobalSection(ExtensibilityGlobals) = postSolution
		SolutionGuid = {A30E0635-225E-4246-A649-8EEBE368C391}
	EndGlobalSection
EndGlobal
